# This file is autogenerated, do not edit; changes may be undone by the next 'dep ensure'.


[[projects]]
  name = "github.com/novalagung/gubrak"
  packages = ["."]
  revision = "47ef89cffca4da3ff1138e64e4fb5bc4becc549c"
  version = "1.0.0"

[[projects]]
  name = "github.com/satori/go.uuid"
  packages = ["."]
  revision = "f58768cc1a7a7e77a3bd49e98cdd21419399b6a3"
  version = "v1.2.0"

[solve-meta]
  analyzer-name = "dep"
  analyzer-version = 1
  inputs-digest = "bdad755337707c277187113b9ae12e1903199812d7ad5264adb9a929e55c1a79"
  solver-name = "gps-cdcl"
  solver-version = 1
